// !$*UTF8*$!
{
	archiveVersion = 1;
	classes = {
	};
	objectVersion = 46;
	objects = {

/* Begin PBXBuildFile section */
		9A665DB83F05003EA3FB549D /* libPods-newBigPic.a in Frameworks */ = {isa = PBXBuildFile; fileRef = AB71A9FCD1391850461BC0F2 /* libPods-newBigPic.a */; };
		FF3E117A1E5FDF1200861941 /* main.m in Sources */ = {isa = PBXBuildFile; fileRef = FF3E11791E5FDF1200861941 /* main.m */; };
		FF3E117D1E5FDF1200861941 /* AppDelegate.m in Sources */ = {isa = PBXBuildFile; fileRef = FF3E117C1E5FDF1200861941 /* AppDelegate.m */; };
		FF3E11801E5FDF1200861941 /* ViewController.m in Sources */ = {isa = PBXBuildFile; fileRef = FF3E117F1E5FDF1200861941 /* ViewController.m */; };
		FF3E11831E5FDF1200861941 /* Main.storyboard in Resources */ = {isa = PBXBuildFile; fileRef = FF3E11811E5FDF1200861941 /* Main.storyboard */; };
		FF3E11851E5FDF1200861941 /* Assets.xcassets in Resources */ = {isa = PBXBuildFile; fileRef = FF3E11841E5FDF1200861941 /* Assets.xcassets */; };
		FF3E11881E5FDF1200861941 /* LaunchScreen.storyboard in Resources */ = {isa = PBXBuildFile; fileRef = FF3E11861E5FDF1200861941 /* LaunchScreen.storyboard */; };
		FF4CB3901F4C1DF6003BAB54 /* libMBProgressHUD.a in Frameworks */ = {isa = PBXBuildFile; fileRef = FF4CB38E1F4C1DF6003BAB54 /* libMBProgressHUD.a */; };
		FF4CB3911F4C1DF6003BAB54 /* libSDWebImage.a in Frameworks */ = {isa = PBXBuildFile; fileRef = FF4CB38F1F4C1DF6003BAB54 /* libSDWebImage.a */; };
		FF60A4681F4D689C00C2507B /* picURLs.plist in Resources */ = {isa = PBXBuildFile; fileRef = FF60A4671F4D689C00C2507B /* picURLs.plist */; };
		FFA1FCC52040F8B6000FC83B /* newBigPicViewGroup.m in Sources */ = {isa = PBXBuildFile; fileRef = FFA1FCB92040F8B6000FC83B /* newBigPicViewGroup.m */; };
		FFA1FCC62040F8B6000FC83B /* newBigPicView.m in Sources */ = {isa = PBXBuildFile; fileRef = FFA1FCBA2040F8B6000FC83B /* newBigPicView.m */; };
		FFA1FCC72040F8B6000FC83B /* Reachability.m in Sources */ = {isa = PBXBuildFile; fileRef = FFA1FCC22040F8B6000FC83B /* Reachability.m */; };
/* End PBXBuildFile section */

/* Begin PBXFileReference section */
		05E59F18D8E9BD291A849B26 /* Pods-newBigPic.release.xcconfig */ = {isa = PBXFileReference; includeInIndex = 1; lastKnownFileType = text.xcconfig; name = "Pods-newBigPic.release.xcconfig"; path = "Pods/Target Support Files/Pods-newBigPic/Pods-newBigPic.release.xcconfig"; sourceTree = "<group>"; };
		1845A27F55B0350557D34500 /* Pods-newBigPic.debug.xcconfig */ = {isa = PBXFileReference; includeInIndex = 1; lastKnownFileType = text.xcconfig; name = "Pods-newBigPic.debug.xcconfig"; path = "Pods/Target Support Files/Pods-newBigPic/Pods-newBigPic.debug.xcconfig"; sourceTree = "<group>"; };
		AB71A9FCD1391850461BC0F2 /* libPods-newBigPic.a */ = {isa = PBXFileReference; explicitFileType = archive.ar; includeInIndex = 0; path = "libPods-newBigPic.a"; sourceTree = BUILT_PRODUCTS_DIR; };
		FF3E11751E5FDF1200861941 /* newBigPic.app */ = {isa = PBXFileReference; explicitFileType = wrapper.application; includeInIndex = 0; path = newBigPic.app; sourceTree = BUILT_PRODUCTS_DIR; };
		FF3E11791E5FDF1200861941 /* main.m */ = {isa = PBXFileReference; lastKnownFileType = sourcecode.c.objc; path = main.m; sourceTree = "<group>"; };
		FF3E117B1E5FDF1200861941 /* AppDelegate.h */ = {isa = PBXFileReference; lastKnownFileType = sourcecode.c.h; path = AppDelegate.h; sourceTree = "<group>"; };
		FF3E117C1E5FDF1200861941 /* AppDelegate.m */ = {isa = PBXFileReference; lastKnownFileType = sourcecode.c.objc; path = AppDelegate.m; sourceTree = "<group>"; };
		FF3E117E1E5FDF1200861941 /* ViewController.h */ = {isa = PBXFileReference; lastKnownFileType = sourcecode.c.h; path = ViewController.h; sourceTree = "<group>"; };
		FF3E117F1E5FDF1200861941 /* ViewController.m */ = {isa = PBXFileReference; lastKnownFileType = sourcecode.c.objc; path = ViewController.m; sourceTree = "<group>"; };
		FF3E11821E5FDF1200861941 /* Base */ = {isa = PBXFileReference; lastKnownFileType = file.storyboard; name = Base; path = Base.lproj/Main.storyboard; sourceTree = "<group>"; };
		FF3E11841E5FDF1200861941 /* Assets.xcassets */ = {isa = PBXFileReference; lastKnownFileType = folder.assetcatalog; path = Assets.xcassets; sourceTree = "<group>"; };
		FF3E11871E5FDF1200861941 /* Base */ = {isa = PBXFileReference; lastKnownFileType = file.storyboard; name = Base; path = Base.lproj/LaunchScreen.storyboard; sourceTree = "<group>"; };
		FF3E11891E5FDF1200861941 /* Info.plist */ = {isa = PBXFileReference; lastKnownFileType = text.plist.xml; path = Info.plist; sourceTree = "<group>"; };
		FF4CB38E1F4C1DF6003BAB54 /* libMBProgressHUD.a */ = {isa = PBXFileReference; lastKnownFileType = archive.ar; name = libMBProgressHUD.a; path = "../../Library/Developer/Xcode/DerivedData/newBigPic-bhczghdrdzeoiddbcomiaouazapr/Build/Products/Debug-iphonesimulator/MBProgressHUD/libMBProgressHUD.a"; sourceTree = "<group>"; };
		FF4CB38F1F4C1DF6003BAB54 /* libSDWebImage.a */ = {isa = PBXFileReference; lastKnownFileType = archive.ar; name = libSDWebImage.a; path = "../../Library/Developer/Xcode/DerivedData/newBigPic-bhczghdrdzeoiddbcomiaouazapr/Build/Products/Debug-iphonesimulator/SDWebImage/libSDWebImage.a"; sourceTree = "<group>"; };
		FF60A4671F4D689C00C2507B /* picURLs.plist */ = {isa = PBXFileReference; fileEncoding = 4; lastKnownFileType = text.plist.xml; path = picURLs.plist; sourceTree = "<group>"; };
		FFA1FCB92040F8B6000FC83B /* newBigPicViewGroup.m */ = {isa = PBXFileReference; fileEncoding = 4; lastKnownFileType = sourcecode.c.objc; path = newBigPicViewGroup.m; sourceTree = "<group>"; };
		FFA1FCBA2040F8B6000FC83B /* newBigPicView.m */ = {isa = PBXFileReference; fileEncoding = 4; lastKnownFileType = sourcecode.c.objc; path = newBigPicView.m; sourceTree = "<group>"; };
		FFA1FCBB2040F8B6000FC83B /* newBigPicView.h */ = {isa = PBXFileReference; fileEncoding = 4; lastKnownFileType = sourcecode.c.h; path = newBigPicView.h; sourceTree = "<group>"; };
		FFA1FCBC2040F8B6000FC83B /* newBigPicViewGroup.h */ = {isa = PBXFileReference; fileEncoding = 4; lastKnownFileType = sourcecode.c.h; path = newBigPicViewGroup.h; sourceTree = "<group>"; };
		FFA1FCBF2040F8B6000FC83B /* predefine.h */ = {isa = PBXFileReference; fileEncoding = 4; lastKnownFileType = sourcecode.c.h; path = predefine.h; sourceTree = "<group>"; };
		FFA1FCC22040F8B6000FC83B /* Reachability.m */ = {isa = PBXFileReference; fileEncoding = 4; lastKnownFileType = sourcecode.c.objc; path = Reachability.m; sourceTree = "<group>"; };
		FFA1FCC32040F8B6000FC83B /* Reachability.h */ = {isa = PBXFileReference; fileEncoding = 4; lastKnownFileType = sourcecode.c.h; path = Reachability.h; sourceTree = "<group>"; };
		FFA1FCC42040F8B6000FC83B /* shortCutFunc.h */ = {isa = PBXFileReference; fileEncoding = 4; lastKnownFileType = sourcecode.c.h; path = shortCutFunc.h; sourceTree = "<group>"; };
/* End PBXFileReference section */

/* Begin PBXFrameworksBuildPhase section */
		FF3E11721E5FDF1200861941 /* Frameworks */ = {
			isa = PBXFrameworksBuildPhase;
			buildActionMask = 2147483647;
			files = (
				FF4CB3901F4C1DF6003BAB54 /* libMBProgressHUD.a in Frameworks */,
				FF4CB3911F4C1DF6003BAB54 /* libSDWebImage.a in Frameworks */,
				9A665DB83F05003EA3FB549D /* libPods-newBigPic.a in Frameworks */,
			);
			runOnlyForDeploymentPostprocessing = 0;
		};
/* End PBXFrameworksBuildPhase section */

/* Begin PBXGroup section */
		B154EDA1E86D46966423AC9E /* Frameworks */ = {
			isa = PBXGroup;
			children = (
				FF4CB38E1F4C1DF6003BAB54 /* libMBProgressHUD.a */,
				FF4CB38F1F4C1DF6003BAB54 /* libSDWebImage.a */,
				AB71A9FCD1391850461BC0F2 /* libPods-newBigPic.a */,
			);
			name = Frameworks;
			sourceTree = "<group>";
		};
		B70BD9F703C57ADF43A2101F /* Pods */ = {
			isa = PBXGroup;
			children = (
				1845A27F55B0350557D34500 /* Pods-newBigPic.debug.xcconfig */,
				05E59F18D8E9BD291A849B26 /* Pods-newBigPic.release.xcconfig */,
			);
			name = Pods;
			sourceTree = "<group>";
		};
		FF3E116C1E5FDF1200861941 = {
			isa = PBXGroup;
			children = (
				FF3E11771E5FDF1200861941 /* newBigPic */,
				FF3E11761E5FDF1200861941 /* Products */,
				B70BD9F703C57ADF43A2101F /* Pods */,
				B154EDA1E86D46966423AC9E /* Frameworks */,
			);
			sourceTree = "<group>";
		};
		FF3E11761E5FDF1200861941 /* Products */ = {
			isa = PBXGroup;
			children = (
				FF3E11751E5FDF1200861941 /* newBigPic.app */,
			);
			name = Products;
			sourceTree = "<group>";
		};
		FF3E11771E5FDF1200861941 /* newBigPic */ = {
			isa = PBXGroup;
			children = (
				FFA1FCB82040F8B6000FC83B /* Class */,
				FF3E117B1E5FDF1200861941 /* AppDelegate.h */,
				FF3E117C1E5FDF1200861941 /* AppDelegate.m */,
				FF3E117E1E5FDF1200861941 /* ViewController.h */,
				FF3E117F1E5FDF1200861941 /* ViewController.m */,
				FF3E11811E5FDF1200861941 /* Main.storyboard */,
				FF3E11841E5FDF1200861941 /* Assets.xcassets */,
				FF3E11861E5FDF1200861941 /* LaunchScreen.storyboard */,
				FF3E11891E5FDF1200861941 /* Info.plist */,
				FF3E11781E5FDF1200861941 /* Supporting Files */,
			);
			path = newBigPic;
			sourceTree = "<group>";
		};
		FF3E11781E5FDF1200861941 /* Supporting Files */ = {
			isa = PBXGroup;
			children = (
				FF60A4671F4D689C00C2507B /* picURLs.plist */,
				FF3E11791E5FDF1200861941 /* main.m */,
			);
			name = "Supporting Files";
			sourceTree = "<group>";
		};
		FFA1FCB82040F8B6000FC83B /* Class */ = {
			isa = PBXGroup;
			children = (
				FFA1FCBC2040F8B6000FC83B /* newBigPicViewGroup.h */,
				FFA1FCB92040F8B6000FC83B /* newBigPicViewGroup.m */,
				FFA1FCBB2040F8B6000FC83B /* newBigPicView.h */,
				FFA1FCBA2040F8B6000FC83B /* newBigPicView.m */,
				FFA1FCBD2040F8B6000FC83B /* Lib */,
			);
			path = Class;
			sourceTree = SOURCE_ROOT;
		};
		FFA1FCBD2040F8B6000FC83B /* Lib */ = {
			isa = PBXGroup;
			children = (
				FFA1FCBE2040F8B6000FC83B /* private */,
				FFA1FCC02040F8B6000FC83B /* 3rdParty */,
			);
			path = Lib;
			sourceTree = "<group>";
		};
		FFA1FCBE2040F8B6000FC83B /* private */ = {
			isa = PBXGroup;
			children = (
				FFA1FCBF2040F8B6000FC83B /* predefine.h */,
			);
			path = private;
			sourceTree = "<group>";
		};
		FFA1FCC02040F8B6000FC83B /* 3rdParty */ = {
			isa = PBXGroup;
			children = (
				FFA1FCC12040F8B6000FC83B /* Reachability */,
			);
			path = 3rdParty;
			sourceTree = "<group>";
		};
		FFA1FCC12040F8B6000FC83B /* Reachability */ = {
			isa = PBXGroup;
			children = (
				FFA1FCC42040F8B6000FC83B /* shortCutFunc.h */,
				FFA1FCC32040F8B6000FC83B /* Reachability.h */,
				FFA1FCC22040F8B6000FC83B /* Reachability.m */,
			);
			path = Reachability;
			sourceTree = "<group>";
		};
/* End PBXGroup section */

/* Begin PBXNativeTarget section */
		FF3E11741E5FDF1200861941 /* newBigPic */ = {
			isa = PBXNativeTarget;
			buildConfigurationList = FF3E118C1E5FDF1200861941 /* Build configuration list for PBXNativeTarget "newBigPic" */;
			buildPhases = (
				00ACD521F1939DEA59A7F26B /* [CP] Check Pods Manifest.lock */,
				FF3E11711E5FDF1200861941 /* Sources */,
				FF3E11721E5FDF1200861941 /* Frameworks */,
				FF3E11731E5FDF1200861941 /* Resources */,
				485A3F80C6E53996D209264D /* [CP] Embed Pods Frameworks */,
				773090D46CDB04792833E5AD /* [CP] Copy Pods Resources */,
			);
			buildRules = (
			);
			dependencies = (
			);
			name = newBigPic;
			productName = newBigPic;
			productReference = FF3E11751E5FDF1200861941 /* newBigPic.app */;
			productType = "com.apple.product-type.application";
		};
/* End PBXNativeTarget section */

/* Begin PBXProject section */
		FF3E116D1E5FDF1200861941 /* Project object */ = {
			isa = PBXProject;
			attributes = {
				LastUpgradeCheck = 0820;
				ORGANIZATIONNAME = mikun;
				TargetAttributes = {
					FF3E11741E5FDF1200861941 = {
						CreatedOnToolsVersion = 8.2.1;
						DevelopmentTeam = 3AP6XM8L72;
						ProvisioningStyle = Automatic;
					};
				};
			};
			buildConfigurationList = FF3E11701E5FDF1200861941 /* Build configuration list for PBXProject "newBigPic" */;
			compatibilityVersion = "Xcode 3.2";
			developmentRegion = English;
			hasScannedForEncodings = 0;
			knownRegions = (
				en,
				Base,
			);
			mainGroup = FF3E116C1E5FDF1200861941;
			productRefGroup = FF3E11761E5FDF1200861941 /* Products */;
			projectDirPath = "";
			projectRoot = "";
			targets = (
				FF3E11741E5FDF1200861941 /* newBigPic */,
			);
		};
/* End PBXProject section */

/* Begin PBXResourcesBuildPhase section */
		FF3E11731E5FDF1200861941 /* Resources */ = {
			isa = PBXResourcesBuildPhase;
			buildActionMask = 2147483647;
			files = (
				FF3E11881E5FDF1200861941 /* LaunchScreen.storyboard in Resources */,
				FF60A4681F4D689C00C2507B /* picURLs.plist in Resources */,
				FF3E11851E5FDF1200861941 /* Assets.xcassets in Resources */,
				FF3E11831E5FDF1200861941 /* Main.storyboard in Resources */,
			);
			runOnlyForDeploymentPostprocessing = 0;
		};
/* End PBXResourcesBuildPhase section */

/* Begin PBXShellScriptBuildPhase section */
		00ACD521F1939DEA59A7F26B /* [CP] Check Pods Manifest.lock */ = {
			isa = PBXShellScriptBuildPhase;
			buildActionMask = 2147483647;
			files = (
			);
			inputPaths = (
			);
			name = "[CP] Check Pods Manifest.lock";
			outputPaths = (
			);
			runOnlyForDeploymentPostprocessing = 0;
			shellPath = /bin/sh;
			shellScript = "diff \"${PODS_PODFILE_DIR_PATH}/Podfile.lock\" \"${PODS_ROOT}/Manifest.lock\" > /dev/null\nif [ $? != 0 ] ; then\n    # print error to STDERR\n    echo \"error: The sandbox is not in sync with the Podfile.lock. Run 'pod install' or update your CocoaPods installation.\" >&2\n    exit 1\nfi\n";
			showEnvVarsInLog = 0;
		};
		485A3F80C6E53996D209264D /* [CP] Embed Pods Frameworks */ = {
			isa = PBXShellScriptBuildPhase;
			buildActionMask = 2147483647;
			files = (
			);
			inputPaths = (
			);
			name = "[CP] Embed Pods Frameworks";
			outputPaths = (
			);
			runOnlyForDeploymentPostprocessing = 0;
			shellPath = /bin/sh;
			shellScript = "\"${SRCROOT}/Pods/Target Support Files/Pods-newBigPic/Pods-newBigPic-frameworks.sh\"\n";
			showEnvVarsInLog = 0;
		};
		773090D46CDB04792833E5AD /* [CP] Copy Pods Resources */ = {
			isa = PBXShellScriptBuildPhase;
			buildActionMask = 2147483647;
			files = (
			);
			inputPaths = (
			);
			name = "[CP] Copy Pods Resources";
			outputPaths = (
			);
			runOnlyForDeploymentPostprocessing = 0;
			shellPath = /bin/sh;
			shellScript = "\"${SRCROOT}/Pods/Target Support Files/Pods-newBigPic/Pods-newBigPic-resources.sh\"\n";
			showEnvVarsInLog = 0;
		};
/* End PBXShellScriptBuildPhase section */

/* Begin PBXSourcesBuildPhase section */
		FF3E11711E5FDF1200861941 /* Sources */ = {
			isa = PBXSourcesBuildPhase;
			buildActionMask = 2147483647;
			files = (
				FF3E11801E5FDF1200861941 /* ViewController.m in Sources */,
				FF3E117D1E5FDF1200861941 /* AppDelegate.m in Sources */,
				FF3E117A1E5FDF1200861941 /* main.m in Sources */,
				FFA1FCC62040F8B6000FC83B /* newBigPicView.m in Sources */,
				FFA1FCC72040F8B6000FC83B /* Reachability.m in Sources */,
				FFA1FCC52040F8B6000FC83B /* newBigPicViewGroup.m in Sources */,
			);
			runOnlyForDeploymentPostprocessing = 0;
		};
/* End PBXSourcesBuildPhase section */

/* Begin PBXVariantGroup section */
		FF3E11811E5FDF1200861941 /* Main.storyboard */ = {
			isa = PBXVariantGroup;
			children = (
				FF3E11821E5FDF1200861941 /* Base */,
			);
			name = Main.storyboard;
			sourceTree = "<group>";
		};
		FF3E11861E5FDF1200861941 /* LaunchScreen.storyboard */ = {
			isa = PBXVariantGroup;
			children = (
				FF3E11871E5FDF1200861941 /* Base */,
			);
			name = LaunchScreen.storyboard;
			sourceTree = "<group>";
		};
/* End PBXVariantGroup section */

/* Begin XCBuildConfiguration section */
		FF3E118A1E5FDF1200861941 /* Debug */ = {
			isa = XCBuildConfiguration;
			buildSettings = {
				ALWAYS_SEARCH_USER_PATHS = NO;
				CLANG_ANALYZER_NONNULL = YES;
				CLANG_CXX_LANGUAGE_STANDARD = "gnu++0x";
				CLANG_CXX_LIBRARY = "libc++";
				CLANG_ENABLE_MODULES = YES;
				CLANG_ENABLE_OBJC_ARC = YES;
				CLANG_WARN_BOOL_CONVERSION = YES;
				CLANG_WARN_CONSTANT_CONVERSION = YES;
				CLANG_WARN_DIRECT_OBJC_ISA_USAGE = YES_ERROR;
				CLANG_WARN_DOCUMENTATION_COMMENTS = YES;
				CLANG_WARN_EMPTY_BODY = YES;
				CLANG_WARN_ENUM_CONVERSION = YES;
				CLANG_WARN_INFINITE_RECURSION = YES;
				CLANG_WARN_INT_CONVERSION = YES;
				CLANG_WARN_OBJC_ROOT_CLASS = YES_ERROR;
				CLANG_WARN_SUSPICIOUS_MOVE = YES;
				CLANG_WARN_UNREACHABLE_CODE = YES;
				CLANG_WARN__DUPLICATE_METHOD_MATCH = YES;
				"CODE_SIGN_IDENTITY[sdk=iphoneos*]" = "iPhone Developer";
				COPY_PHASE_STRIP = NO;
				DEBUG_INFORMATION_FORMAT = dwarf;
				ENABLE_STRICT_OBJC_MSGSEND = YES;
				ENABLE_TESTABILITY = YES;
				GCC_C_LANGUAGE_STANDARD = gnu99;
				GCC_DYNAMIC_NO_PIC = NO;
				GCC_NO_COMMON_BLOCKS = YES;
				GCC_OPTIMIZATION_LEVEL = 0;
				GCC_PREPROCESSOR_DEFINITIONS = (
					"DEBUG=1",
					"$(inherited)",
				);
				GCC_WARN_64_TO_32_BIT_CONVERSION = YES;
				GCC_WARN_ABOUT_RETURN_TYPE = YES_ERROR;
				GCC_WARN_UNDECLARED_SELECTOR = YES;
				GCC_WARN_UNINITIALIZED_AUTOS = YES_AGGRESSIVE;
				GCC_WARN_UNUSED_FUNCTION = YES;
				GCC_WARN_UNUSED_VARIABLE = YES;
				IPHONEOS_DEPLOYMENT_TARGET = 10.2;
				MTL_ENABLE_DEBUG_INFO = YES;
				ONLY_ACTIVE_ARCH = YES;
				SDKROOT = iphoneos;
				TARGETED_DEVICE_FAMILY = "1,2";
			};
			name = Debug;
		};
		FF3E118B1E5FDF1200861941 /* Release */ = {
			isa = XCBuildConfiguration;
			buildSettings = {
				ALWAYS_SEARCH_USER_PATHS = NO;
				CLANG_ANALYZER_NONNULL = YES;
				CLANG_CXX_LANGUAGE_STANDARD = "gnu++0x";
				CLANG_CXX_LIBRARY = "libc++";
				CLANG_ENABLE_MODULES = YES;
				CLANG_ENABLE_OBJC_ARC = YES;
				CLANG_WARN_BOOL_CONVERSION = YES;
				CLANG_WARN_CONSTANT_CONVERSION = YES;
				CLANG_WARN_DIRECT_OBJC_ISA_USAGE = YES_ERROR;
				CLANG_WARN_DOCUMENTATION_COMMENTS = YES;
				CLANG_WARN_EMPTY_BODY = YES;
				CLANG_WARN_ENUM_CONVERSION = YES;
				CLANG_WARN_INFINITE_RECURSION = YES;
				CLANG_WARN_INT_CONVERSION = YES;
				CLANG_WARN_OBJC_ROOT_CLASS = YES_ERROR;
				CLANG_WARN_SUSPICIOUS_MOVE = YES;
				CLANG_WARN_UNREACHABLE_CODE = YES;
				CLANG_WARN__DUPLICATE_METHOD_MATCH = YES;
				"CODE_SIGN_IDENTITY[sdk=iphoneos*]" = "iPhone Developer";
				COPY_PHASE_STRIP = NO;
				DEBUG_INFORMATION_FORMAT = "dwarf-with-dsym";
				ENABLE_NS_ASSERTIONS = NO;
				ENABLE_STRICT_OBJC_MSGSEND = YES;
				GCC_C_LANGUAGE_STANDARD = gnu99;
				GCC_NO_COMMON_BLOCKS = YES;
				GCC_WARN_64_TO_32_BIT_CONVERSION = YES;
				GCC_WARN_ABOUT_RETURN_TYPE = YES_ERROR;
				GCC_WARN_UNDECLARED_SELECTOR = YES;
				GCC_WARN_UNINITIALIZED_AUTOS = YES_AGGRESSIVE;
				GCC_WARN_UNUSED_FUNCTION = YES;
				GCC_WARN_UNUSED_VARIABLE = YES;
				IPHONEOS_DEPLOYMENT_TARGET = 10.2;
				MTL_ENABLE_DEBUG_INFO = NO;
				SDKROOT = iphoneos;
				TARGETED_DEVICE_FAMILY = "1,2";
				VALIDATE_PRODUCT = YES;
			};
			name = Release;
		};
		FF3E118D1E5FDF1200861941 /* Debug */ = {
			isa = XCBuildConfiguration;
			baseConfigurationReference = 1845A27F55B0350557D34500 /* Pods-newBigPic.debug.xcconfig */;
			buildSettings = {
				ASSETCATALOG_COMPILER_APPICON_NAME = AppIcon;
				CLANG_ALLOW_NON_MODULAR_INCLUDES_IN_FRAMEWORK_MODULES = YES;
				DEVELOPMENT_TEAM = 3AP6XM8L72;
				INFOPLIST_FILE = newBigPic/Info.plist;
				IPHONEOS_DEPLOYMENT_TARGET = 8.0;
				LD_RUNPATH_SEARCH_PATHS = "$(inherited) @executable_path/Frameworks";
				PRODUCT_BUNDLE_IDENTIFIER = mikuone.newBigPic;
				PRODUCT_NAME = "$(TARGET_NAME)";
			};
			name = Debug;
		};
		FF3E118E1E5FDF1200861941 /* Release */ = {
			isa = XCBuildConfiguration;
			baseConfigurationReference = 05E59F18D8E9BD291A849B26 /* Pods-newBigPic.release.xcconfig */;
			buildSettings = {
				ASSETCATALOG_COMPILER_APPICON_NAME = AppIcon;
				CLANG_ALLOW_NON_MODULAR_INCLUDES_IN_FRAMEWORK_MODULES = YES;
				DEVELOPMENT_TEAM = 3AP6XM8L72;
				INFOPLIST_FILE = newBigPic/Info.plist;
				IPHONEOS_DEPLOYMENT_TARGET = 8.0;
				LD_RUNPATH_SEARCH_PATHS = "$(inherited) @executable_path/Frameworks";
				PRODUCT_BUNDLE_IDENTIFIER = mikuone.newBigPic;
				PRODUCT_NAME = "$(TARGET_NAME)";
			};
			name = Release;
		};
/* End XCBuildConfiguration section */

/* Begin XCConfigurationList section */
		FF3E11701E5FDF1200861941 /* Build configuration list for PBXProject "newBigPic" */ = {
			isa = XCConfigurationList;
			buildConfigurations = (
				FF3E118A1E5FDF1200861941 /* Debug */,
				FF3E118B1E5FDF1200861941 /* Release */,
			);
			defaultConfigurationIsVisible = 0;
			defaultConfigurationName = Release;
		};
		FF3E118C1E5FDF1200861941 /* Build configuration list for PBXNativeTarget "newBigPic" */ = {
			isa = XCConfigurationList;
			buildConfigurations = (
				FF3E118D1E5FDF1200861941 /* Debug */,
				FF3E118E1E5FDF1200861941 /* Release */,
			);
			defaultConfigurationIsVisible = 0;
			defaultConfigurationName = Release;
		};
/* End XCConfigurationList section */
	};
	rootObject = FF3E116D1E5FDF1200861941 /* Project object */;
}
